// !$*UTF8*$!
{
	archiveVersion = 1;
	classes = {
	};
	objectVersion = 46;
	objects = {

/* Begin PBXBuildFile section */
		5B31F273179E097700388224 /* QuartzCore.framework in Frameworks */ = {isa = PBXBuildFile; fileRef = 5BE0525017760A570084A6BB /* QuartzCore.framework */; };
		5BAB45E11797482700BF15B5 /* MessageUI.framework in Frameworks */ = {isa = PBXBuildFile; fileRef = 5BAB45E01797482700BF15B5 /* MessageUI.framework */; };
		5BD000F316AA01CF00227644 /* PassKit.framework in Frameworks */ = {isa = PBXBuildFile; fileRef = 5BDEF21D16714D4B006745ED /* PassKit.framework */; };
		5BDEF21C16714D37006745ED /* AdSupport.framework in Frameworks */ = {isa = PBXBuildFile; fileRef = 5BDEF21B16714D37006745ED /* AdSupport.framework */; settings = {ATTRIBUTES = (Weak, ); }; };
		5BDEF2241671558A006745ED /* MobileCoreServices.framework in Frameworks */ = {isa = PBXBuildFile; fileRef = 9201CBF815D23DE50058673F /* MobileCoreServices.framework */; };
		5BDEF225167155A7006745ED /* CoreLocation.framework in Frameworks */ = {isa = PBXBuildFile; fileRef = 925AE43815D35804005F4497 /* CoreLocation.framework */; };
		5BDEF226167155DA006745ED /* Foundation.framework in Frameworks */ = {isa = PBXBuildFile; fileRef = 92BB5EBF15CC73800004B27E /* Foundation.framework */; };
		5BE0524A177529850084A6BB /* libInMobiAdNetwork-3.7.0.a in Frameworks */ = {isa = PBXBuildFile; fileRef = 5BE05248177529850084A6BB /* libInMobiAdNetwork-3.7.0.a */; };
		5BE0524B177529850084A6BB /* libInMobiCommons-3.7.0.a in Frameworks */ = {isa = PBXBuildFile; fileRef = 5BE05249177529850084A6BB /* libInMobiCommons-3.7.0.a */; };
		5BE0524D177529B80084A6BB /* libMMSDK_5.0.1.a in Frameworks */ = {isa = PBXBuildFile; fileRef = 5BE0524C177529B80084A6BB /* libMMSDK_5.0.1.a */; };
		5BE0524F17752EB00084A6BB /* StoreKit.framework in Frameworks */ = {isa = PBXBuildFile; fileRef = 5BE0524E17752EB00084A6BB /* StoreKit.framework */; settings = {ATTRIBUTES = (Weak, ); }; };
		5BE0525317760AE20084A6BB /* CoreTelephony.framework in Frameworks */ = {isa = PBXBuildFile; fileRef = 5BE0525217760AE20084A6BB /* CoreTelephony.framework */; };
		5BE0525517760B0C0084A6BB /* CoreGraphics.framework in Frameworks */ = {isa = PBXBuildFile; fileRef = 5BE0525417760B0C0084A6BB /* CoreGraphics.framework */; };
		5BEA812D187B9D6400A2F0C9 /* libFlurry_4.3.0.a in Frameworks */ = {isa = PBXBuildFile; fileRef = 5BEA812C187B9D6400A2F0C9 /* libFlurry_4.3.0.a */; };
		5BEA812F187B9D8500A2F0C9 /* libFlurryAds_4.3.0.a in Frameworks */ = {isa = PBXBuildFile; fileRef = 5BEA812E187B9D8500A2F0C9 /* libFlurryAds_4.3.0.a */; };
		5BEA8135187B9DFB00A2F0C9 /* libGreystripeSDK.a in Frameworks */ = {isa = PBXBuildFile; fileRef = 5BEA8133187B9DFB00A2F0C9 /* libGreystripeSDK.a */; };
		5BEA8137187B9EB000A2F0C9 /* libGoogleAdMobAds.a in Frameworks */ = {isa = PBXBuildFile; fileRef = 5BEA8136187B9EB000A2F0C9 /* libGoogleAdMobAds.a */; };
		9201CBFC15D23DE50058673F /* AudioToolbox.framework in Frameworks */ = {isa = PBXBuildFile; fileRef = 9201CBF115D23DE50058673F /* AudioToolbox.framework */; };
		9201CBFD15D23DE50058673F /* AVFoundation.framework in Frameworks */ = {isa = PBXBuildFile; fileRef = 9201CBF215D23DE50058673F /* AVFoundation.framework */; };
		9201CBFE15D23DE50058673F /* CoreData.framework in Frameworks */ = {isa = PBXBuildFile; fileRef = 9201CBF315D23DE50058673F /* CoreData.framework */; };
		9201CBFF15D23DE50058673F /* CoreMotion.framework in Frameworks */ = {isa = PBXBuildFile; fileRef = 9201CBF415D23DE50058673F /* CoreMotion.framework */; };
		925AE43E15D35804005F4497 /* iAd.framework in Frameworks */ = {isa = PBXBuildFile; fileRef = 925AE43915D35804005F4497 /* iAd.framework */; settings = {ATTRIBUTES = (Weak, ); }; };
		925AE44015D35804005F4497 /* Security.framework in Frameworks */ = {isa = PBXBuildFile; fileRef = 925AE43B15D35804005F4497 /* Security.framework */; };
		92BB5EBE15CC73800004B27E /* UIKit.framework in Frameworks */ = {isa = PBXBuildFile; fileRef = 92BB5EBD15CC73800004B27E /* UIKit.framework */; };
		92BB5EC815CC73800004B27E /* InfoPlist.strings in Resources */ = {isa = PBXBuildFile; fileRef = 92BB5EC615CC73800004B27E /* InfoPlist.strings */; };
		92BB5ECA15CC73800004B27E /* main.m in Sources */ = {isa = PBXBuildFile; fileRef = 92BB5EC915CC73800004B27E /* main.m */; };
		92BB5ECE15CC73800004B27E /* AppDelegate.m in Sources */ = {isa = PBXBuildFile; fileRef = 92BB5ECD15CC73800004B27E /* AppDelegate.m */; };
		92BB5ED115CC73800004B27E /* ViewController.m in Sources */ = {isa = PBXBuildFile; fileRef = 92BB5ED015CC73800004B27E /* ViewController.m */; };
		92BB5ED415CC73800004B27E /* ViewController_iPhone.xib in Resources */ = {isa = PBXBuildFile; fileRef = 92BB5ED215CC73800004B27E /* ViewController_iPhone.xib */; };
		92BB5ED715CC73800004B27E /* ViewController_iPad.xib in Resources */ = {isa = PBXBuildFile; fileRef = 92BB5ED515CC73800004B27E /* ViewController_iPad.xib */; };
		92BB5EE815CCE2B70004B27E /* MediaPlayer.framework in Frameworks */ = {isa = PBXBuildFile; fileRef = 92BB5EE615CCE2B70004B27E /* MediaPlayer.framework */; };
		92BB5EE915CCE2B70004B27E /* SystemConfiguration.framework in Frameworks */ = {isa = PBXBuildFile; fileRef = 92BB5EE715CCE2B70004B27E /* SystemConfiguration.framework */; };
/* End PBXBuildFile section */

/* Begin PBXFileReference section */
		5BAB45E01797482700BF15B5 /* MessageUI.framework */ = {isa = PBXFileReference; lastKnownFileType = wrapper.framework; name = MessageUI.framework; path = System/Library/Frameworks/MessageUI.framework; sourceTree = SDKROOT; };
		5BDEF21B16714D37006745ED /* AdSupport.framework */ = {isa = PBXFileReference; lastKnownFileType = wrapper.framework; name = AdSupport.framework; path = System/Library/Frameworks/AdSupport.framework; sourceTree = SDKROOT; };
		5BDEF21D16714D4B006745ED /* PassKit.framework */ = {isa = PBXFileReference; lastKnownFileType = wrapper.framework; name = PassKit.framework; path = System/Library/Frameworks/PassKit.framework; sourceTree = SDKROOT; };
		5BE0523B17750AFE0084A6BB /* Flurry.h */ = {isa = PBXFileReference; fileEncoding = 4; lastKnownFileType = sourcecode.c.h; path = Flurry.h; sourceTree = "<group>"; };
		5BE0524117750AFE0084A6BB /* FlurryAdDelegate.h */ = {isa = PBXFileReference; fileEncoding = 4; lastKnownFileType = sourcecode.c.h; path = FlurryAdDelegate.h; sourceTree = "<group>"; };
		5BE0524217750AFE0084A6BB /* FlurryAds.h */ = {isa = PBXFileReference; fileEncoding = 4; lastKnownFileType = sourcecode.c.h; path = FlurryAds.h; sourceTree = "<group>"; };
		5BE05248177529850084A6BB /* libInMobiAdNetwork-3.7.0.a */ = {isa = PBXFileReference; lastKnownFileType = archive.ar; path = "libInMobiAdNetwork-3.7.0.a"; sourceTree = "<group>"; };
		5BE05249177529850084A6BB /* libInMobiCommons-3.7.0.a */ = {isa = PBXFileReference; lastKnownFileType = archive.ar; path = "libInMobiCommons-3.7.0.a"; sourceTree = "<group>"; };
		5BE0524C177529B80084A6BB /* libMMSDK_5.0.1.a */ = {isa = PBXFileReference; lastKnownFileType = archive.ar; path = libMMSDK_5.0.1.a; sourceTree = "<group>"; };
		5BE0524E17752EB00084A6BB /* StoreKit.framework */ = {isa = PBXFileReference; lastKnownFileType = wrapper.framework; name = StoreKit.framework; path = System/Library/Frameworks/StoreKit.framework; sourceTree = SDKROOT; };
		5BE0525017760A570084A6BB /* QuartzCore.framework */ = {isa = PBXFileReference; lastKnownFileType = wrapper.framework; name = QuartzCore.framework; path = System/Library/Frameworks/QuartzCore.framework; sourceTree = SDKROOT; };
		5BE0525217760AE20084A6BB /* CoreTelephony.framework */ = {isa = PBXFileReference; lastKnownFileType = wrapper.framework; name = CoreTelephony.framework; path = System/Library/Frameworks/CoreTelephony.framework; sourceTree = SDKROOT; };
		5BE0525417760B0C0084A6BB /* CoreGraphics.framework */ = {isa = PBXFileReference; lastKnownFileType = wrapper.framework; name = CoreGraphics.framework; path = System/Library/Frameworks/CoreGraphics.framework; sourceTree = SDKROOT; };
		5BEA812C187B9D6400A2F0C9 /* libFlurry_4.3.0.a */ = {isa = PBXFileReference; lastKnownFileType = archive.ar; path = libFlurry_4.3.0.a; sourceTree = "<group>"; };
		5BEA812E187B9D8500A2F0C9 /* libFlurryAds_4.3.0.a */ = {isa = PBXFileReference; lastKnownFileType = archive.ar; path = libFlurryAds_4.3.0.a; sourceTree = "<group>"; };
		5BEA8133187B9DFB00A2F0C9 /* libGreystripeSDK.a */ = {isa = PBXFileReference; lastKnownFileType = archive.ar; path = libGreystripeSDK.a; sourceTree = "<group>"; };
		5BEA8136187B9EB000A2F0C9 /* libGoogleAdMobAds.a */ = {isa = PBXFileReference; lastKnownFileType = archive.ar; path = libGoogleAdMobAds.a; sourceTree = "<group>"; };
		9201CBF115D23DE50058673F /* AudioToolbox.framework */ = {isa = PBXFileReference; lastKnownFileType = wrapper.framework; name = AudioToolbox.framework; path = System/Library/Frameworks/AudioToolbox.framework; sourceTree = SDKROOT; };
		9201CBF215D23DE50058673F /* AVFoundation.framework */ = {isa = PBXFileReference; lastKnownFileType = wrapper.framework; name = AVFoundation.framework; path = System/Library/Frameworks/AVFoundation.framework; sourceTree = SDKROOT; };
		9201CBF315D23DE50058673F /* CoreData.framework */ = {isa = PBXFileReference; lastKnownFileType = wrapper.framework; name = CoreData.framework; path = System/Library/Frameworks/CoreData.framework; sourceTree = SDKROOT; };
		9201CBF415D23DE50058673F /* CoreMotion.framework */ = {isa = PBXFileReference; lastKnownFileType = wrapper.framework; name = CoreMotion.framework; path = System/Library/Frameworks/CoreMotion.framework; sourceTree = SDKROOT; };
		9201CBF815D23DE50058673F /* MobileCoreServices.framework */ = {isa = PBXFileReference; lastKnownFileType = wrapper.framework; name = MobileCoreServices.framework; path = System/Library/Frameworks/MobileCoreServices.framework; sourceTree = SDKROOT; };
		925AE43815D35804005F4497 /* CoreLocation.framework */ = {isa = PBXFileReference; lastKnownFileType = wrapper.framework; name = CoreLocation.framework; path = System/Library/Frameworks/CoreLocation.framework; sourceTree = SDKROOT; };
		925AE43915D35804005F4497 /* iAd.framework */ = {isa = PBXFileReference; lastKnownFileType = wrapper.framework; name = iAd.framework; path = System/Library/Frameworks/iAd.framework; sourceTree = SDKROOT; };
		925AE43B15D35804005F4497 /* Security.framework */ = {isa = PBXFileReference; lastKnownFileType = wrapper.framework; name = Security.framework; path = System/Library/Frameworks/Security.framework; sourceTree = SDKROOT; };
		92BB5EB915CC73800004B27E /* FlurryMediationSample.app */ = {isa = PBXFileReference; explicitFileType = wrapper.application; includeInIndex = 0; path = FlurryMediationSample.app; sourceTree = BUILT_PRODUCTS_DIR; };
		92BB5EBD15CC73800004B27E /* UIKit.framework */ = {isa = PBXFileReference; lastKnownFileType = wrapper.framework; name = UIKit.framework; path = System/Library/Frameworks/UIKit.framework; sourceTree = SDKROOT; };
		92BB5EBF15CC73800004B27E /* Foundation.framework */ = {isa = PBXFileReference; lastKnownFileType = wrapper.framework; name = Foundation.framework; path = System/Library/Frameworks/Foundation.framework; sourceTree = SDKROOT; };
		92BB5EC515CC73800004B27E /* FlurryMediationSample-Info.plist */ = {isa = PBXFileReference; lastKnownFileType = text.plist.xml; path = "FlurryMediationSample-Info.plist"; sourceTree = "<group>"; };
		92BB5EC715CC73800004B27E /* en */ = {isa = PBXFileReference; lastKnownFileType = text.plist.strings; name = en; path = en.lproj/InfoPlist.strings; sourceTree = "<group>"; };
		92BB5EC915CC73800004B27E /* main.m */ = {isa = PBXFileReference; lastKnownFileType = sourcecode.c.objc; path = main.m; sourceTree = "<group>"; };
		92BB5ECB15CC73800004B27E /* FlurryMediationSample-Prefix.pch */ = {isa = PBXFileReference; lastKnownFileType = sourcecode.c.h; path = "FlurryMediationSample-Prefix.pch"; sourceTree = "<group>"; };
		92BB5ECC15CC73800004B27E /* AppDelegate.h */ = {isa = PBXFileReference; lastKnownFileType = sourcecode.c.h; path = AppDelegate.h; sourceTree = "<group>"; };
		92BB5ECD15CC73800004B27E /* AppDelegate.m */ = {isa = PBXFileReference; lastKnownFileType = sourcecode.c.objc; path = AppDelegate.m; sourceTree = "<group>"; };
		92BB5ECF15CC73800004B27E /* ViewController.h */ = {isa = PBXFileReference; lastKnownFileType = sourcecode.c.h; path = ViewController.h; sourceTree = "<group>"; };
		92BB5ED015CC73800004B27E /* ViewController.m */ = {isa = PBXFileReference; lastKnownFileType = sourcecode.c.objc; path = ViewController.m; sourceTree = "<group>"; };
		92BB5ED315CC73800004B27E /* en */ = {isa = PBXFileReference; lastKnownFileType = file.xib; name = en; path = en.lproj/ViewController_iPhone.xib; sourceTree = "<group>"; };
		92BB5ED615CC73800004B27E /* en */ = {isa = PBXFileReference; lastKnownFileType = file.xib; name = en; path = en.lproj/ViewController_iPad.xib; sourceTree = "<group>"; };
		92BB5EE615CCE2B70004B27E /* MediaPlayer.framework */ = {isa = PBXFileReference; lastKnownFileType = wrapper.framework; name = MediaPlayer.framework; path = System/Library/Frameworks/MediaPlayer.framework; sourceTree = SDKROOT; };
		92BB5EE715CCE2B70004B27E /* SystemConfiguration.framework */ = {isa = PBXFileReference; lastKnownFileType = wrapper.framework; name = SystemConfiguration.framework; path = System/Library/Frameworks/SystemConfiguration.framework; sourceTree = SDKROOT; };
/* End PBXFileReference section */

/* Begin PBXFrameworksBuildPhase section */
		92BB5EB615CC73800004B27E /* Frameworks */ = {
			isa = PBXFrameworksBuildPhase;
			buildActionMask = 2147483647;
			files = (
				5BDEF21C16714D37006745ED /* AdSupport.framework in Frameworks */,
				9201CBFD15D23DE50058673F /* AVFoundation.framework in Frameworks */,
				5BEA812F187B9D8500A2F0C9 /* libFlurryAds_4.3.0.a in Frameworks */,
				9201CBFC15D23DE50058673F /* AudioToolbox.framework in Frameworks */,
				5BEA812D187B9D6400A2F0C9 /* libFlurry_4.3.0.a in Frameworks */,
				9201CBFF15D23DE50058673F /* CoreMotion.framework in Frameworks */,
				9201CBFE15D23DE50058673F /* CoreData.framework in Frameworks */,
				5BE0525517760B0C0084A6BB /* CoreGraphics.framework in Frameworks */,
				5BDEF225167155A7006745ED /* CoreLocation.framework in Frameworks */,
				5BE0525317760AE20084A6BB /* CoreTelephony.framework in Frameworks */,
				5BDEF226167155DA006745ED /* Foundation.framework in Frameworks */,
				925AE43E15D35804005F4497 /* iAd.framework in Frameworks */,
				92BB5EE815CCE2B70004B27E /* MediaPlayer.framework in Frameworks */,
				5BEA8137187B9EB000A2F0C9 /* libGoogleAdMobAds.a in Frameworks */,
				5BAB45E11797482700BF15B5 /* MessageUI.framework in Frameworks */,
				5BDEF2241671558A006745ED /* MobileCoreServices.framework in Frameworks */,
				5B31F273179E097700388224 /* QuartzCore.framework in Frameworks */,
				5BD000F316AA01CF00227644 /* PassKit.framework in Frameworks */,
				5BEA8135187B9DFB00A2F0C9 /* libGreystripeSDK.a in Frameworks */,
				925AE44015D35804005F4497 /* Security.framework in Frameworks */,
				5BE0524F17752EB00084A6BB /* StoreKit.framework in Frameworks */,
				92BB5EE915CCE2B70004B27E /* SystemConfiguration.framework in Frameworks */,
				92BB5EBE15CC73800004B27E /* UIKit.framework in Frameworks */,
				5BE0524A177529850084A6BB /* libInMobiAdNetwork-3.7.0.a in Frameworks */,
				5BE0524B177529850084A6BB /* libInMobiCommons-3.7.0.a in Frameworks */,
				5BE0524D177529B80084A6BB /* libMMSDK_5.0.1.a in Frameworks */,
			);
			runOnlyForDeploymentPostprocessing = 0;
		};
/* End PBXFrameworksBuildPhase section */

/* Begin PBXGroup section */
		5BE0523817750AFE0084A6BB /* Flurry */ = {
			isa = PBXGroup;
			children = (
				5BE0523B17750AFE0084A6BB /* Flurry.h */,
				5BEA812C187B9D6400A2F0C9 /* libFlurry_4.3.0.a */,
			);
			path = Flurry;
			sourceTree = "<group>";
		};
		5BE0523D17750AFE0084A6BB /* FlurryAds */ = {
			isa = PBXGroup;
			children = (
				5BEA812E187B9D8500A2F0C9 /* libFlurryAds_4.3.0.a */,
				5BE0524217750AFE0084A6BB /* FlurryAds.h */,
				5BE0524117750AFE0084A6BB /* FlurryAdDelegate.h */,
			);
			path = FlurryAds;
			sourceTree = "<group>";
		};
		9201CC5215D2411B0058673F /* ExtLibs */ = {
			isa = PBXGroup;
			children = (
				5BEA8136187B9EB000A2F0C9 /* libGoogleAdMobAds.a */,
				5BE0524C177529B80084A6BB /* libMMSDK_5.0.1.a */,
				5BEA8133187B9DFB00A2F0C9 /* libGreystripeSDK.a */,
				5BE05248177529850084A6BB /* libInMobiAdNetwork-3.7.0.a */,
				5BE05249177529850084A6BB /* libInMobiCommons-3.7.0.a */,
			);
			path = ExtLibs;
			sourceTree = "<group>";
		};
		92BB5EAE15CC73800004B27E = {
			isa = PBXGroup;
			children = (
				5BE0523817750AFE0084A6BB /* Flurry */,
				5BE0523D17750AFE0084A6BB /* FlurryAds */,
				9201CC5215D2411B0058673F /* ExtLibs */,
				92BB5EC315CC73800004B27E /* mediation-code */,
				92BB5EBC15CC73800004B27E /* Frameworks */,
				92BB5EBA15CC73800004B27E /* Products */,
			);
			sourceTree = "<group>";
		};
		92BB5EBA15CC73800004B27E /* Products */ = {
			isa = PBXGroup;
			children = (
				92BB5EB915CC73800004B27E /* FlurryMediationSample.app */,
			);
			name = Products;
			sourceTree = "<group>";
		};
		92BB5EBC15CC73800004B27E /* Frameworks */ = {
			isa = PBXGroup;
			children = (
				5BDEF21B16714D37006745ED /* AdSupport.framework */,
				9201CBF115D23DE50058673F /* AudioToolbox.framework */,
				9201CBF215D23DE50058673F /* AVFoundation.framework */,
				9201CBF315D23DE50058673F /* CoreData.framework */,
				5BE0525417760B0C0084A6BB /* CoreGraphics.framework */,
				925AE43815D35804005F4497 /* CoreLocation.framework */,
				9201CBF415D23DE50058673F /* CoreMotion.framework */,
				5BE0525217760AE20084A6BB /* CoreTelephony.framework */,
				92BB5EBF15CC73800004B27E /* Foundation.framework */,
				925AE43915D35804005F4497 /* iAd.framework */,
				92BB5EE615CCE2B70004B27E /* MediaPlayer.framework */,
				5BAB45E01797482700BF15B5 /* MessageUI.framework */,
				9201CBF815D23DE50058673F /* MobileCoreServices.framework */,
				5BDEF21D16714D4B006745ED /* PassKit.framework */,
				5BE0525017760A570084A6BB /* QuartzCore.framework */,
				925AE43B15D35804005F4497 /* Security.framework */,
				5BE0524E17752EB00084A6BB /* StoreKit.framework */,
				92BB5EE715CCE2B70004B27E /* SystemConfiguration.framework */,
				92BB5EBD15CC73800004B27E /* UIKit.framework */,
			);
			name = Frameworks;
			sourceTree = "<group>";
		};
		92BB5EC315CC73800004B27E /* mediation-code */ = {
			isa = PBXGroup;
			children = (
				92BB5ECC15CC73800004B27E /* AppDelegate.h */,
				92BB5ECD15CC73800004B27E /* AppDelegate.m */,
				92BB5ECF15CC73800004B27E /* ViewController.h */,
				92BB5ED015CC73800004B27E /* ViewController.m */,
				92BB5ED215CC73800004B27E /* ViewController_iPhone.xib */,
				92BB5ED515CC73800004B27E /* ViewController_iPad.xib */,
				92BB5EC415CC73800004B27E /* Supporting Files */,
			);
			name = "mediation-code";
			path = "appspot-ios-sample";
			sourceTree = "<group>";
		};
		92BB5EC415CC73800004B27E /* Supporting Files */ = {
			isa = PBXGroup;
			children = (
				92BB5EC515CC73800004B27E /* FlurryMediationSample-Info.plist */,
				92BB5EC615CC73800004B27E /* InfoPlist.strings */,
				92BB5EC915CC73800004B27E /* main.m */,
				92BB5ECB15CC73800004B27E /* FlurryMediationSample-Prefix.pch */,
			);
			name = "Supporting Files";
			sourceTree = "<group>";
		};
/* End PBXGroup section */

/* Begin PBXNativeTarget section */
		92BB5EB815CC73800004B27E /* FlurryMediationSample */ = {
			isa = PBXNativeTarget;
			buildConfigurationList = 92BB5EDA15CC73800004B27E /* Build configuration list for PBXNativeTarget "FlurryMediationSample" */;
			buildPhases = (
				92BB5EB515CC73800004B27E /* Sources */,
				92BB5EB615CC73800004B27E /* Frameworks */,
				92BB5EB715CC73800004B27E /* Resources */,
			);
			buildRules = (
			);
			dependencies = (
			);
			name = FlurryMediationSample;
			productName = "appspot-ios-sample";
			productReference = 92BB5EB915CC73800004B27E /* FlurryMediationSample.app */;
			productType = "com.apple.product-type.application";
		};
/* End PBXNativeTarget section */

/* Begin PBXProject section */
		92BB5EB015CC73800004B27E /* Project object */ = {
			isa = PBXProject;
			attributes = {
				LastUpgradeCheck = 0430;
			};
			buildConfigurationList = 92BB5EB315CC73800004B27E /* Build configuration list for PBXProject "FlurryMediationSample" */;
			compatibilityVersion = "Xcode 3.2";
			developmentRegion = English;
			hasScannedForEncodings = 0;
			knownRegions = (
				en,
			);
			mainGroup = 92BB5EAE15CC73800004B27E;
			productRefGroup = 92BB5EBA15CC73800004B27E /* Products */;
			projectDirPath = "";
			projectRoot = "";
			targets = (
				92BB5EB815CC73800004B27E /* FlurryMediationSample */,
			);
		};
/* End PBXProject section */

/* Begin PBXResourcesBuildPhase section */
		92BB5EB715CC73800004B27E /* Resources */ = {
			isa = PBXResourcesBuildPhase;
			buildActionMask = 2147483647;
			files = (
				92BB5EC815CC73800004B27E /* InfoPlist.strings in Resources */,
				92BB5ED415CC73800004B27E /* ViewController_iPhone.xib in Resources */,
				92BB5ED715CC73800004B27E /* ViewController_iPad.xib in Resources */,
			);
			runOnlyForDeploymentPostprocessing = 0;
		};
/* End PBXResourcesBuildPhase section */

/* Begin PBXSourcesBuildPhase section */
		92BB5EB515CC73800004B27E /* Sources */ = {
			isa = PBXSourcesBuildPhase;
			buildActionMask = 2147483647;
			files = (
				92BB5ECA15CC73800004B27E /* main.m in Sources */,
				92BB5ECE15CC73800004B27E /* AppDelegate.m in Sources */,
				92BB5ED115CC73800004B27E /* ViewController.m in Sources */,
			);
			runOnlyForDeploymentPostprocessing = 0;
		};
/* End PBXSourcesBuildPhase section */

/* Begin PBXVariantGroup section */
		92BB5EC615CC73800004B27E /* InfoPlist.strings */ = {
			isa = PBXVariantGroup;
			children = (
				92BB5EC715CC73800004B27E /* en */,
			);
			name = InfoPlist.strings;
			sourceTree = "<group>";
		};
		92BB5ED215CC73800004B27E /* ViewController_iPhone.xib */ = {
			isa = PBXVariantGroup;
			children = (
				92BB5ED315CC73800004B27E /* en */,
			);
			name = ViewController_iPhone.xib;
			sourceTree = "<group>";
		};
		92BB5ED515CC73800004B27E /* ViewController_iPad.xib */ = {
			isa = PBXVariantGroup;
			children = (
				92BB5ED615CC73800004B27E /* en */,
			);
			name = ViewController_iPad.xib;
			sourceTree = "<group>";
		};
/* End PBXVariantGroup section */

/* Begin XCBuildConfiguration section */
		92BB5ED815CC73800004B27E /* Debug */ = {
			isa = XCBuildConfiguration;
			buildSettings = {
				ALWAYS_SEARCH_USER_PATHS = NO;
				ARCHS = "$(ARCHS_STANDARD_32_BIT)";
				CLANG_WARN_CONSTANT_CONVERSION = YES;
				CLANG_WARN_ENUM_CONVERSION = YES;
				CLANG_WARN_INT_CONVERSION = YES;
				CLANG_WARN__DUPLICATE_METHOD_MATCH = YES;
				"CODE_SIGN_IDENTITY[sdk=iphoneos*]" = "iPhone Developer";
				COPY_PHASE_STRIP = NO;
				GCC_C_LANGUAGE_STANDARD = gnu99;
				GCC_DYNAMIC_NO_PIC = NO;
				GCC_OPTIMIZATION_LEVEL = 0;
				GCC_PREPROCESSOR_DEFINITIONS = (
					"DEBUG=1",
					"$(inherited)",
				);
				GCC_SYMBOLS_PRIVATE_EXTERN = NO;
				GCC_VERSION = com.apple.compilers.llvm.clang.1_0;
				GCC_WARN_ABOUT_RETURN_TYPE = YES;
				GCC_WARN_UNINITIALIZED_AUTOS = YES;
				GCC_WARN_UNUSED_VARIABLE = YES;
				IPHONEOS_DEPLOYMENT_TARGET = 6.0;
				ONLY_ACTIVE_ARCH = YES;
				OTHER_LDFLAGS = (
					"-ObjC",
					"-all_load",
				);
				SDKROOT = iphoneos;
				TARGETED_DEVICE_FAMILY = "1,2";
			};
			name = Debug;
		};
		92BB5ED915CC73800004B27E /* Release */ = {
			isa = XCBuildConfiguration;
			buildSettings = {
				ALWAYS_SEARCH_USER_PATHS = NO;
				ARCHS = "$(ARCHS_STANDARD_32_BIT)";
				CLANG_WARN_CONSTANT_CONVERSION = YES;
				CLANG_WARN_ENUM_CONVERSION = YES;
				CLANG_WARN_INT_CONVERSION = YES;
				CLANG_WARN__DUPLICATE_METHOD_MATCH = YES;
				"CODE_SIGN_IDENTITY[sdk=iphoneos*]" = "iPhone Developer";
				COPY_PHASE_STRIP = YES;
				GCC_C_LANGUAGE_STANDARD = gnu99;
				GCC_VERSION = com.apple.compilers.llvm.clang.1_0;
				GCC_WARN_ABOUT_RETURN_TYPE = YES;
				GCC_WARN_UNINITIALIZED_AUTOS = YES;
				GCC_WARN_UNUSED_VARIABLE = YES;
				IPHONEOS_DEPLOYMENT_TARGET = 6.0;
				ONLY_ACTIVE_ARCH = YES;
				OTHER_CFLAGS = "-DNS_BLOCK_ASSERTIONS=1";
				OTHER_LDFLAGS = (
					"-ObjC",
					"-all_load",
				);
				SDKROOT = iphoneos;
				TARGETED_DEVICE_FAMILY = "1,2";
				VALIDATE_PRODUCT = YES;
			};
			name = Release;
		};
		92BB5EDB15CC73800004B27E /* Debug */ = {
			isa = XCBuildConfiguration;
			buildSettings = {
				ARCHS = "$(ARCHS_STANDARD_32_BIT)";
				FRAMEWORK_SEARCH_PATHS = (
					"$(inherited)",
					"\"$(SRCROOT)\"",
				);
				GCC_PRECOMPILE_PREFIX_HEADER = YES;
				GCC_PREFIX_HEADER = "appspot-ios-sample/FlurryMediationSample-Prefix.pch";
				HEADER_SEARCH_PATHS = (
					"\"$(BUILT_PRODUCTS_DIR)/Flurry\"",
					"\"$(BUILT_PRODUCTS_DIR)/FlurryAds\"",
					"\"$(SRCROOT)/\"",
					"$(SRCROOT)/**",
				);
				INFOPLIST_FILE = "appspot-ios-sample/FlurryMediationSample-Info.plist";
				IPHONEOS_DEPLOYMENT_TARGET = 7.0;
				LIBRARY_SEARCH_PATHS = (
					"$(inherited)",
					"\"$(SRCROOT)/Flurry\"",
					"\"$(SRCROOT)/FlurryAds\"",
					"\"$(SRCROOT)/ExtLibs\"",
					"\"$(BUILT_PRODUCTS_DIR)/\"",
				);
				ONLY_ACTIVE_ARCH = NO;
				OTHER_LDFLAGS = (
					"-ObjC",
					"-framework",
					Foundation,
					"-framework",
					UIKit,
					"-framework",
					AdSupport,
					"-framework",
					PassKit,
					"-lsqlite3.0",
				);
				PRODUCT_NAME = FlurryMediationSample;
				SKIP_INSTALL = YES;
				TARGETED_DEVICE_FAMILY = "1,2";
				WRAPPER_EXTENSION = app;
			};
			name = Debug;
		};
		92BB5EDC15CC73800004B27E /* Release */ = {
			isa = XCBuildConfiguration;
			buildSettings = {
				ARCHS = "$(ARCHS_STANDARD_32_BIT)";
				FRAMEWORK_SEARCH_PATHS = (
					"$(inherited)",
					"\"$(SRCROOT)\"",
				);
				GCC_PRECOMPILE_PREFIX_HEADER = YES;
				GCC_PREFIX_HEADER = "appspot-ios-sample/FlurryMediationSample-Prefix.pch";
				HEADER_SEARCH_PATHS = (
					"\"$(BUILT_PRODUCTS_DIR)/Flurry\"",
					"\"$(BUILT_PRODUCTS_DIR)/FlurryAds\"",
					"\"$(SRCROOT)/\"",
					"$(SRCROOT)/**",
				);
				INFOPLIST_FILE = "appspot-ios-sample/FlurryMediationSample-Info.plist";
				IPHONEOS_DEPLOYMENT_TARGET = 7.0;
				LIBRARY_SEARCH_PATHS = (
					"$(inherited)",
					"\"$(SRCROOT)/Flurry\"",
					"\"$(SRCROOT)/FlurryAds\"",
					"\"$(SRCROOT)/ExtLibs\"",
					"\"$(BUILT_PRODUCTS_DIR)/\"",
				);
				ONLY_ACTIVE_ARCH = NO;
				OTHER_LDFLAGS = (
					"-ObjC",
					"-framework",
					Foundation,
					"-framework",
					UIKit,
					"-framework",
					AdSupport,
					"-framework",
					PassKit,
					"-lsqlite3.0",
				);
				PRODUCT_NAME = FlurryMediationSample;
				SKIP_INSTALL = YES;
				TARGETED_DEVICE_FAMILY = "1,2";
				WRAPPER_EXTENSION = app;
			};
			name = Release;
		};
/* End XCBuildConfiguration section */

/* Begin XCConfigurationList section */
		92BB5EB315CC73800004B27E /* Build configuration list for PBXProject "FlurryMediationSample" */ = {
			isa = XCConfigurationList;
			buildConfigurations = (
				92BB5ED815CC73800004B27E /* Debug */,
				92BB5ED915CC73800004B27E /* Release */,
			);
			defaultConfigurationIsVisible = 0;
			defaultConfigurationName = Release;
		};
		92BB5EDA15CC73800004B27E /* Build configuration list for PBXNativeTarget "FlurryMediationSample" */ = {
			isa = XCConfigurationList;
			buildConfigurations = (
				92BB5EDB15CC73800004B27E /* Debug */,
				92BB5EDC15CC73800004B27E /* Release */,
			);
			defaultConfigurationIsVisible = 0;
			defaultConfigurationName = Release;
		};
/* End XCConfigurationList section */
	};
	rootObject = 92BB5EB015CC73800004B27E /* Project object */;
}
